
Microsoft Visual Studio Solution File, Format Version 12.00
# Visual Studio Version 17
VisualStudioVersion = 17.5.33424.131
MinimumVisualStudioVersion = 10.0.40219.1
Project("{9A19103F-16F7-4668-BE54-9A1E7A4F7556}") = "ExpenseTracker", "ExpenseTracker\ExpenseTracker.csproj", "{E156C056-899E-4455-8E18-4FC0B00129AE}"
EndProject
Project("{FAE04EC0-301F-11D3-BF4B-00C04F79EFBC}") = "UnitTest", "UnitTest\UnitTest.csproj", "{CB82432C-9119-4D86-AC3F-685FF2400DFB}"
EndProject
Global
	GlobalSection(SolutionConfigurationPlatforms) = preSolution
		Debug|Any CPU = Debug|Any CPU
		Release|Any CPU = Release|Any CPU
	EndGlobalSection
	GlobalSection(ProjectConfigurationPlatforms) = postSolution
		{E156C056-899E-4455-8E18-4FC0B00129AE}.Debug|Any CPU.ActiveCfg = Debug|Any CPU
		{E156C056-899E-4455-8E18-4FC0B00129AE}.Debug|Any CPU.Build.0 = Debug|Any CPU
		{E156C056-899E-4455-8E18-4FC0B00129AE}.Release|Any CPU.ActiveCfg = Release|Any CPU
		{E156C056-899E-4455-8E18-4FC0B00129AE}.Release|Any CPU.Build.0 = Release|Any CPU
		{CB82432C-9119-4D86-AC3F-685FF2400DFB}.Debug|Any CPU.ActiveCfg = Debug|Any CPU
		{CB82432C-9119-4D86-AC3F-685FF2400DFB}.Debug|Any CPU.Build.0 = Debug|Any CPU
		{CB82432C-9119-4D86-AC3F-685FF2400DFB}.Release|Any CPU.ActiveCfg = Release|Any CPU
		{CB82432C-9119-4D86-AC3F-685FF2400DFB}.Release|Any CPU.Build.0 = Release|Any CPU
	EndGlobalSection
	GlobalSection(SolutionProperties) = preSolution
		HideSolutionNode = FALSE
	EndGlobalSection
	GlobalSection(ExtensibilityGlobals) = postSolution
		SolutionGuid = {7A5D07F6-DBAB-432E-903C-3099C3F9810C}
	EndGlobalSection
EndGlobal
